// !$*UTF8*$!
{
	archiveVersion = 1;
	classes = {
	};
	objectVersion = 56;
	objects = {

/* Begin PBXBuildFile section */
		3231AD712A8FFBA80038218F /* AppDelegate.swift in Sources */ = {isa = PBXBuildFile; fileRef = 3231AD702A8FFBA80038218F /* AppDelegate.swift */; };
		3231AD732A8FFBA80038218F /* SceneDelegate.swift in Sources */ = {isa = PBXBuildFile; fileRef = 3231AD722A8FFBA80038218F /* SceneDelegate.swift */; };
		3231AD782A8FFBA80038218F /* Main.storyboard in Resources */ = {isa = PBXBuildFile; fileRef = 3231AD762A8FFBA80038218F /* Main.storyboard */; };
		3231AD7A2A8FFBA90038218F /* Assets.xcassets in Resources */ = {isa = PBXBuildFile; fileRef = 3231AD792A8FFBA90038218F /* Assets.xcassets */; };
		3231AD7D2A8FFBA90038218F /* LaunchScreen.storyboard in Resources */ = {isa = PBXBuildFile; fileRef = 3231AD7B2A8FFBA90038218F /* LaunchScreen.storyboard */; };
		3231ADA12A93C66E0038218F /* MoviesListViewControllerTests.swift in Sources */ = {isa = PBXBuildFile; fileRef = 3231ADA02A93C66E0038218F /* MoviesListViewControllerTests.swift */; };
		3231ADA42A93CB670038218F /* MoviesCore in Frameworks */ = {isa = PBXBuildFile; productRef = 3231ADA32A93CB670038218F /* MoviesCore */; };
		3231ADA72A93CDF80038218F /* XCTestCase+MemoryLeakTracker.swift in Sources */ = {isa = PBXBuildFile; fileRef = 3231ADA62A93CDF80038218F /* XCTestCase+MemoryLeakTracker.swift */; };
		3231ADA92A93DB390038218F /* UIControl+SimulateEvent.swift in Sources */ = {isa = PBXBuildFile; fileRef = 3231ADA82A93DB390038218F /* UIControl+SimulateEvent.swift */; };
		3231ADAB2A93DBEF0038218F /* UIRefreshControl+SimulatePullToRefresh.swift in Sources */ = {isa = PBXBuildFile; fileRef = 3231ADAA2A93DBEF0038218F /* UIRefreshControl+SimulatePullToRefresh.swift */; };
		3231ADAD2A93DCC50038218F /* MoviesListViewController.swift in Sources */ = {isa = PBXBuildFile; fileRef = 3231ADAC2A93DCC50038218F /* MoviesListViewController.swift */; };
		3231ADAF2A93E74F0038218F /* MovieCell.swift in Sources */ = {isa = PBXBuildFile; fileRef = 3231ADAE2A93E74F0038218F /* MovieCell.swift */; };
		3257E9862A98E04400A9BBC3 /* MovieViewModel.swift in Sources */ = {isa = PBXBuildFile; fileRef = 3257E9852A98E04400A9BBC3 /* MovieViewModel.swift */; };
		3257E9882A98E06A00A9BBC3 /* MovieCellPresenter.swift in Sources */ = {isa = PBXBuildFile; fileRef = 3257E9872A98E06A00A9BBC3 /* MovieCellPresenter.swift */; };
		3261732A2A96BC64004808B9 /* MoviesListViewController+TestHelpers.swift in Sources */ = {isa = PBXBuildFile; fileRef = 326173292A96BC64004808B9 /* MoviesListViewController+TestHelpers.swift */; };
		3261732C2A96BCC7004808B9 /* MovieCell+TestHelpers.swift in Sources */ = {isa = PBXBuildFile; fileRef = 3261732B2A96BCC7004808B9 /* MovieCell+TestHelpers.swift */; };
		326173302A9788E6004808B9 /* MovieCellController.swift in Sources */ = {isa = PBXBuildFile; fileRef = 3261732F2A9788E6004808B9 /* MovieCellController.swift */; };
		32995B5D2A964C3200BFC448 /* UIView+Shimmering.swift in Sources */ = {isa = PBXBuildFile; fileRef = 32995B5C2A964C3200BFC448 /* UIView+Shimmering.swift */; };
		32C1C2172A96B99100938858 /* UIImage+TestHelpers.swift in Sources */ = {isa = PBXBuildFile; fileRef = 32C1C2162A96B99100938858 /* UIImage+TestHelpers.swift */; };
/* End PBXBuildFile section */

/* Begin PBXContainerItemProxy section */
		3231AD842A8FFBA90038218F /* PBXContainerItemProxy */ = {
			isa = PBXContainerItemProxy;
			containerPortal = 3231AD652A8FFBA70038218F /* Project object */;
			proxyType = 1;
			remoteGlobalIDString = 3231AD6C2A8FFBA80038218F;
			remoteInfo = MoviesApp;
		};
/* End PBXContainerItemProxy section */

/* Begin PBXFileReference section */
		3231AD6D2A8FFBA80038218F /* MoviesApp.app */ = {isa = PBXFileReference; explicitFileType = wrapper.application; includeInIndex = 0; path = MoviesApp.app; sourceTree = BUILT_PRODUCTS_DIR; };
		3231AD702A8FFBA80038218F /* AppDelegate.swift */ = {isa = PBXFileReference; lastKnownFileType = sourcecode.swift; path = AppDelegate.swift; sourceTree = "<group>"; };
		3231AD722A8FFBA80038218F /* SceneDelegate.swift */ = {isa = PBXFileReference; lastKnownFileType = sourcecode.swift; path = SceneDelegate.swift; sourceTree = "<group>"; };
		3231AD772A8FFBA80038218F /* Base */ = {isa = PBXFileReference; lastKnownFileType = file.storyboard; name = Base; path = Base.lproj/Main.storyboard; sourceTree = "<group>"; };
		3231AD792A8FFBA90038218F /* Assets.xcassets */ = {isa = PBXFileReference; lastKnownFileType = folder.assetcatalog; path = Assets.xcassets; sourceTree = "<group>"; };
		3231AD7C2A8FFBA90038218F /* Base */ = {isa = PBXFileReference; lastKnownFileType = file.storyboard; name = Base; path = Base.lproj/LaunchScreen.storyboard; sourceTree = "<group>"; };
		3231AD7E2A8FFBA90038218F /* Info.plist */ = {isa = PBXFileReference; lastKnownFileType = text.plist.xml; path = Info.plist; sourceTree = "<group>"; };
		3231AD832A8FFBA90038218F /* MoviesAppTests.xctest */ = {isa = PBXFileReference; explicitFileType = wrapper.cfbundle; includeInIndex = 0; path = MoviesAppTests.xctest; sourceTree = BUILT_PRODUCTS_DIR; };
		3231ADA02A93C66E0038218F /* MoviesListViewControllerTests.swift */ = {isa = PBXFileReference; lastKnownFileType = sourcecode.swift; path = MoviesListViewControllerTests.swift; sourceTree = "<group>"; };
		3231ADA62A93CDF80038218F /* XCTestCase+MemoryLeakTracker.swift */ = {isa = PBXFileReference; lastKnownFileType = sourcecode.swift; path = "XCTestCase+MemoryLeakTracker.swift"; sourceTree = "<group>"; };
		3231ADA82A93DB390038218F /* UIControl+SimulateEvent.swift */ = {isa = PBXFileReference; lastKnownFileType = sourcecode.swift; path = "UIControl+SimulateEvent.swift"; sourceTree = "<group>"; };
		3231ADAA2A93DBEF0038218F /* UIRefreshControl+SimulatePullToRefresh.swift */ = {isa = PBXFileReference; lastKnownFileType = sourcecode.swift; path = "UIRefreshControl+SimulatePullToRefresh.swift"; sourceTree = "<group>"; };
		3231ADAC2A93DCC50038218F /* MoviesListViewController.swift */ = {isa = PBXFileReference; lastKnownFileType = sourcecode.swift; path = MoviesListViewController.swift; sourceTree = "<group>"; };
		3231ADAE2A93E74F0038218F /* MovieCell.swift */ = {isa = PBXFileReference; lastKnownFileType = sourcecode.swift; path = MovieCell.swift; sourceTree = "<group>"; };
		3257E9852A98E04400A9BBC3 /* MovieViewModel.swift */ = {isa = PBXFileReference; lastKnownFileType = sourcecode.swift; path = MovieViewModel.swift; sourceTree = "<group>"; };
		3257E9872A98E06A00A9BBC3 /* MovieCellPresenter.swift */ = {isa = PBXFileReference; lastKnownFileType = sourcecode.swift; path = MovieCellPresenter.swift; sourceTree = "<group>"; };
		326173292A96BC64004808B9 /* MoviesListViewController+TestHelpers.swift */ = {isa = PBXFileReference; lastKnownFileType = sourcecode.swift; path = "MoviesListViewController+TestHelpers.swift"; sourceTree = "<group>"; };
		3261732B2A96BCC7004808B9 /* MovieCell+TestHelpers.swift */ = {isa = PBXFileReference; lastKnownFileType = sourcecode.swift; path = "MovieCell+TestHelpers.swift"; sourceTree = "<group>"; };
		3261732F2A9788E6004808B9 /* MovieCellController.swift */ = {isa = PBXFileReference; lastKnownFileType = sourcecode.swift; path = MovieCellController.swift; sourceTree = "<group>"; };
		32995B5C2A964C3200BFC448 /* UIView+Shimmering.swift */ = {isa = PBXFileReference; lastKnownFileType = sourcecode.swift; path = "UIView+Shimmering.swift"; sourceTree = "<group>"; };
		32C1C2162A96B99100938858 /* UIImage+TestHelpers.swift */ = {isa = PBXFileReference; lastKnownFileType = sourcecode.swift; path = "UIImage+TestHelpers.swift"; sourceTree = "<group>"; };
/* End PBXFileReference section */

/* Begin PBXFrameworksBuildPhase section */
		3231AD6A2A8FFBA80038218F /* Frameworks */ = {
			isa = PBXFrameworksBuildPhase;
			buildActionMask = 2147483647;
			files = (
				3231ADA42A93CB670038218F /* MoviesCore in Frameworks */,
			);
			runOnlyForDeploymentPostprocessing = 0;
		};
		3231AD802A8FFBA90038218F /* Frameworks */ = {
			isa = PBXFrameworksBuildPhase;
			buildActionMask = 2147483647;
			files = (
			);
			runOnlyForDeploymentPostprocessing = 0;
		};
/* End PBXFrameworksBuildPhase section */

/* Begin PBXGroup section */
		3231AD642A8FFBA70038218F = {
			isa = PBXGroup;
			children = (
				3231AD6F2A8FFBA80038218F /* MoviesApp */,
				3231AD862A8FFBA90038218F /* MoviesAppTests */,
				3231AD6E2A8FFBA80038218F /* Products */,
				3231ADA22A93CB670038218F /* Frameworks */,
			);
			sourceTree = "<group>";
		};
		3231AD6E2A8FFBA80038218F /* Products */ = {
			isa = PBXGroup;
			children = (
				3231AD6D2A8FFBA80038218F /* MoviesApp.app */,
				3231AD832A8FFBA90038218F /* MoviesAppTests.xctest */,
			);
			name = Products;
			sourceTree = "<group>";
		};
		3231AD6F2A8FFBA80038218F /* MoviesApp */ = {
			isa = PBXGroup;
			children = (
				3231AD7E2A8FFBA90038218F /* Info.plist */,
				3257E9832A98E00C00A9BBC3 /* Presentation */,
				32C1C2182A96BA2200938858 /* Application */,
				32995B5B2A964C1700BFC448 /* Views */,
				32C1C2192A96BA5900938858 /* Controllers */,
				32C1C21A2A96BA6D00938858 /* Resources */,
			);
			path = MoviesApp;
			sourceTree = "<group>";
		};
		3231AD862A8FFBA90038218F /* MoviesAppTests */ = {
			isa = PBXGroup;
			children = (
				3231ADA52A93CDCE0038218F /* Helpers */,
				3231ADA02A93C66E0038218F /* MoviesListViewControllerTests.swift */,
			);
			path = MoviesAppTests;
			sourceTree = "<group>";
		};
		3231ADA22A93CB670038218F /* Frameworks */ = {
			isa = PBXGroup;
			children = (
			);
			name = Frameworks;
			sourceTree = "<group>";
		};
		3231ADA52A93CDCE0038218F /* Helpers */ = {
			isa = PBXGroup;
			children = (
				3231ADA62A93CDF80038218F /* XCTestCase+MemoryLeakTracker.swift */,
				3231ADA82A93DB390038218F /* UIControl+SimulateEvent.swift */,
				3231ADAA2A93DBEF0038218F /* UIRefreshControl+SimulatePullToRefresh.swift */,
				32C1C2162A96B99100938858 /* UIImage+TestHelpers.swift */,
				326173292A96BC64004808B9 /* MoviesListViewController+TestHelpers.swift */,
				3261732B2A96BCC7004808B9 /* MovieCell+TestHelpers.swift */,
			);
			path = Helpers;
			sourceTree = "<group>";
		};
		3257E9832A98E00C00A9BBC3 /* Presentation */ = {
			isa = PBXGroup;
			children = (
				3257E9852A98E04400A9BBC3 /* MovieViewModel.swift */,
				3257E9872A98E06A00A9BBC3 /* MovieCellPresenter.swift */,
			);
			path = Presentation;
			sourceTree = "<group>";
		};
		32995B5B2A964C1700BFC448 /* Views */ = {
			isa = PBXGroup;
			children = (
				3231ADAE2A93E74F0038218F /* MovieCell.swift */,
				3231AD7B2A8FFBA90038218F /* LaunchScreen.storyboard */,
				3231AD762A8FFBA80038218F /* Main.storyboard */,
				32995B5C2A964C3200BFC448 /* UIView+Shimmering.swift */,
			);
			path = Views;
			sourceTree = "<group>";
		};
		32C1C2182A96BA2200938858 /* Application */ = {
			isa = PBXGroup;
			children = (
				3231AD702A8FFBA80038218F /* AppDelegate.swift */,
				3231AD722A8FFBA80038218F /* SceneDelegate.swift */,
			);
			path = Application;
			sourceTree = "<group>";
		};
		32C1C2192A96BA5900938858 /* Controllers */ = {
			isa = PBXGroup;
			children = (
				3231ADAC2A93DCC50038218F /* MoviesListViewController.swift */,
				3261732F2A9788E6004808B9 /* MovieCellController.swift */,
			);
			path = Controllers;
			sourceTree = "<group>";
		};
		32C1C21A2A96BA6D00938858 /* Resources */ = {
			isa = PBXGroup;
			children = (
				3231AD792A8FFBA90038218F /* Assets.xcassets */,
			);
			path = Resources;
			sourceTree = "<group>";
		};
/* End PBXGroup section */

/* Begin PBXNativeTarget section */
		3231AD6C2A8FFBA80038218F /* MoviesApp */ = {
			isa = PBXNativeTarget;
			buildConfigurationList = 3231AD972A8FFBA90038218F /* Build configuration list for PBXNativeTarget "MoviesApp" */;
			buildPhases = (
				3231AD692A8FFBA80038218F /* Sources */,
				3231AD6A2A8FFBA80038218F /* Frameworks */,
				3231AD6B2A8FFBA80038218F /* Resources */,
			);
			buildRules = (
			);
			dependencies = (
			);
			name = MoviesApp;
			packageProductDependencies = (
				3231ADA32A93CB670038218F /* MoviesCore */,
			);
			productName = MoviesApp;
			productReference = 3231AD6D2A8FFBA80038218F /* MoviesApp.app */;
			productType = "com.apple.product-type.application";
		};
		3231AD822A8FFBA90038218F /* MoviesAppTests */ = {
			isa = PBXNativeTarget;
			buildConfigurationList = 3231AD9A2A8FFBA90038218F /* Build configuration list for PBXNativeTarget "MoviesAppTests" */;
			buildPhases = (
				3231AD7F2A8FFBA90038218F /* Sources */,
				3231AD802A8FFBA90038218F /* Frameworks */,
				3231AD812A8FFBA90038218F /* Resources */,
			);
			buildRules = (
			);
			dependencies = (
				3231AD852A8FFBA90038218F /* PBXTargetDependency */,
			);
			name = MoviesAppTests;
			productName = MoviesAppTests;
			productReference = 3231AD832A8FFBA90038218F /* MoviesAppTests.xctest */;
			productType = "com.apple.product-type.bundle.unit-test";
		};
/* End PBXNativeTarget section */

/* Begin PBXProject section */
		3231AD652A8FFBA70038218F /* Project object */ = {
			isa = PBXProject;
			attributes = {
				BuildIndependentTargetsInParallel = 1;
				LastSwiftUpdateCheck = 1430;
				LastUpgradeCheck = 1430;
				TargetAttributes = {
					3231AD6C2A8FFBA80038218F = {
						CreatedOnToolsVersion = 14.3;
					};
					3231AD822A8FFBA90038218F = {
						CreatedOnToolsVersion = 14.3;
						LastSwiftMigration = 1430;
						TestTargetID = 3231AD6C2A8FFBA80038218F;
					};
				};
			};
			buildConfigurationList = 3231AD682A8FFBA70038218F /* Build configuration list for PBXProject "MoviesApp" */;
			compatibilityVersion = "Xcode 14.0";
			developmentRegion = en;
			hasScannedForEncodings = 0;
			knownRegions = (
				en,
				Base,
			);
			mainGroup = 3231AD642A8FFBA70038218F;
			productRefGroup = 3231AD6E2A8FFBA80038218F /* Products */;
			projectDirPath = "";
			projectRoot = "";
			targets = (
				3231AD6C2A8FFBA80038218F /* MoviesApp */,
				3231AD822A8FFBA90038218F /* MoviesAppTests */,
			);
		};
/* End PBXProject section */

/* Begin PBXResourcesBuildPhase section */
		3231AD6B2A8FFBA80038218F /* Resources */ = {
			isa = PBXResourcesBuildPhase;
			buildActionMask = 2147483647;
			files = (
				3231AD7D2A8FFBA90038218F /* LaunchScreen.storyboard in Resources */,
				3231AD7A2A8FFBA90038218F /* Assets.xcassets in Resources */,
				3231AD782A8FFBA80038218F /* Main.storyboard in Resources */,
			);
			runOnlyForDeploymentPostprocessing = 0;
		};
		3231AD812A8FFBA90038218F /* Resources */ = {
			isa = PBXResourcesBuildPhase;
			buildActionMask = 2147483647;
			files = (
			);
			runOnlyForDeploymentPostprocessing = 0;
		};
/* End PBXResourcesBuildPhase section */

/* Begin PBXSourcesBuildPhase section */
		3231AD692A8FFBA80038218F /* Sources */ = {
			isa = PBXSourcesBuildPhase;
			buildActionMask = 2147483647;
			files = (
				326173302A9788E6004808B9 /* MovieCellController.swift in Sources */,
				3231AD712A8FFBA80038218F /* AppDelegate.swift in Sources */,
				32995B5D2A964C3200BFC448 /* UIView+Shimmering.swift in Sources */,
				3257E9882A98E06A00A9BBC3 /* MovieCellPresenter.swift in Sources */,
				3231AD732A8FFBA80038218F /* SceneDelegate.swift in Sources */,
				3231ADAF2A93E74F0038218F /* MovieCell.swift in Sources */,
				3257E9862A98E04400A9BBC3 /* MovieViewModel.swift in Sources */,
				3231ADAD2A93DCC50038218F /* MoviesListViewController.swift in Sources */,
			);
			runOnlyForDeploymentPostprocessing = 0;
		};
		3231AD7F2A8FFBA90038218F /* Sources */ = {
			isa = PBXSourcesBuildPhase;
			buildActionMask = 2147483647;
			files = (
				3231ADA92A93DB390038218F /* UIControl+SimulateEvent.swift in Sources */,
				3231ADA12A93C66E0038218F /* MoviesListViewControllerTests.swift in Sources */,
				3231ADA72A93CDF80038218F /* XCTestCase+MemoryLeakTracker.swift in Sources */,
				32C1C2172A96B99100938858 /* UIImage+TestHelpers.swift in Sources */,
				3261732C2A96BCC7004808B9 /* MovieCell+TestHelpers.swift in Sources */,
				3231ADAB2A93DBEF0038218F /* UIRefreshControl+SimulatePullToRefresh.swift in Sources */,
				3261732A2A96BC64004808B9 /* MoviesListViewController+TestHelpers.swift in Sources */,
			);
			runOnlyForDeploymentPostprocessing = 0;
		};
/* End PBXSourcesBuildPhase section */

/* Begin PBXTargetDependency section */
		3231AD852A8FFBA90038218F /* PBXTargetDependency */ = {
			isa = PBXTargetDependency;
			target = 3231AD6C2A8FFBA80038218F /* MoviesApp */;
			targetProxy = 3231AD842A8FFBA90038218F /* PBXContainerItemProxy */;
		};
/* End PBXTargetDependency section */

/* Begin PBXVariantGroup section */
		3231AD762A8FFBA80038218F /* Main.storyboard */ = {
			isa = PBXVariantGroup;
			children = (
				3231AD772A8FFBA80038218F /* Base */,
			);
			name = Main.storyboard;
			sourceTree = "<group>";
		};
		3231AD7B2A8FFBA90038218F /* LaunchScreen.storyboard */ = {
			isa = PBXVariantGroup;
			children = (
				3231AD7C2A8FFBA90038218F /* Base */,
			);
			name = LaunchScreen.storyboard;
			sourceTree = "<group>";
		};
/* End PBXVariantGroup section */

/* Begin XCBuildConfiguration section */
		3231AD952A8FFBA90038218F /* Debug */ = {
			isa = XCBuildConfiguration;
			buildSettings = {
				ALWAYS_SEARCH_USER_PATHS = NO;
				CLANG_ANALYZER_NONNULL = YES;
				CLANG_ANALYZER_NUMBER_OBJECT_CONVERSION = YES_AGGRESSIVE;
				CLANG_CXX_LANGUAGE_STANDARD = "gnu++20";
				CLANG_ENABLE_MODULES = YES;
				CLANG_ENABLE_OBJC_ARC = YES;
				CLANG_ENABLE_OBJC_WEAK = YES;
				CLANG_WARN_BLOCK_CAPTURE_AUTORELEASING = YES;
				CLANG_WARN_BOOL_CONVERSION = YES;
				CLANG_WARN_COMMA = YES;
				CLANG_WARN_CONSTANT_CONVERSION = YES;
				CLANG_WARN_DEPRECATED_OBJC_IMPLEMENTATIONS = YES;
				CLANG_WARN_DIRECT_OBJC_ISA_USAGE = YES_ERROR;
				CLANG_WARN_DOCUMENTATION_COMMENTS = YES;
				CLANG_WARN_EMPTY_BODY = YES;
				CLANG_WARN_ENUM_CONVERSION = YES;
				CLANG_WARN_INFINITE_RECURSION = YES;
				CLANG_WARN_INT_CONVERSION = YES;
				CLANG_WARN_NON_LITERAL_NULL_CONVERSION = YES;
				CLANG_WARN_OBJC_IMPLICIT_RETAIN_SELF = YES;
				CLANG_WARN_OBJC_LITERAL_CONVERSION = YES;
				CLANG_WARN_OBJC_ROOT_CLASS = YES_ERROR;
				CLANG_WARN_QUOTED_INCLUDE_IN_FRAMEWORK_HEADER = YES;
				CLANG_WARN_RANGE_LOOP_ANALYSIS = YES;
				CLANG_WARN_STRICT_PROTOTYPES = YES;
				CLANG_WARN_SUSPICIOUS_MOVE = YES;
				CLANG_WARN_UNGUARDED_AVAILABILITY = YES_AGGRESSIVE;
				CLANG_WARN_UNREACHABLE_CODE = YES;
				CLANG_WARN__DUPLICATE_METHOD_MATCH = YES;
				COPY_PHASE_STRIP = NO;
				DEBUG_INFORMATION_FORMAT = dwarf;
				ENABLE_STRICT_OBJC_MSGSEND = YES;
				ENABLE_TESTABILITY = YES;
				GCC_C_LANGUAGE_STANDARD = gnu11;
				GCC_DYNAMIC_NO_PIC = NO;
				GCC_NO_COMMON_BLOCKS = YES;
				GCC_OPTIMIZATION_LEVEL = 0;
				GCC_PREPROCESSOR_DEFINITIONS = (
					"DEBUG=1",
					"$(inherited)",
				);
				GCC_WARN_64_TO_32_BIT_CONVERSION = YES;
				GCC_WARN_ABOUT_RETURN_TYPE = YES_ERROR;
				GCC_WARN_UNDECLARED_SELECTOR = YES;
				GCC_WARN_UNINITIALIZED_AUTOS = YES_AGGRESSIVE;
				GCC_WARN_UNUSED_FUNCTION = YES;
				GCC_WARN_UNUSED_VARIABLE = YES;
				IPHONEOS_DEPLOYMENT_TARGET = 13.0;
				MTL_ENABLE_DEBUG_INFO = INCLUDE_SOURCE;
				MTL_FAST_MATH = YES;
				ONLY_ACTIVE_ARCH = YES;
				SDKROOT = iphoneos;
				SWIFT_ACTIVE_COMPILATION_CONDITIONS = DEBUG;
				SWIFT_OPTIMIZATION_LEVEL = "-Onone";
			};
			name = Debug;
		};
		3231AD962A8FFBA90038218F /* Release */ = {
			isa = XCBuildConfiguration;
			buildSettings = {
				ALWAYS_SEARCH_USER_PATHS = NO;
				CLANG_ANALYZER_NONNULL = YES;
				CLANG_ANALYZER_NUMBER_OBJECT_CONVERSION = YES_AGGRESSIVE;
				CLANG_CXX_LANGUAGE_STANDARD = "gnu++20";
				CLANG_ENABLE_MODULES = YES;
				CLANG_ENABLE_OBJC_ARC = YES;
				CLANG_ENABLE_OBJC_WEAK = YES;
				CLANG_WARN_BLOCK_CAPTURE_AUTORELEASING = YES;
				CLANG_WARN_BOOL_CONVERSION = YES;
				CLANG_WARN_COMMA = YES;
				CLANG_WARN_CONSTANT_CONVERSION = YES;
				CLANG_WARN_DEPRECATED_OBJC_IMPLEMENTATIONS = YES;
				CLANG_WARN_DIRECT_OBJC_ISA_USAGE = YES_ERROR;
				CLANG_WARN_DOCUMENTATION_COMMENTS = YES;
				CLANG_WARN_EMPTY_BODY = YES;
				CLANG_WARN_ENUM_CONVERSION = YES;
				CLANG_WARN_INFINITE_RECURSION = YES;
				CLANG_WARN_INT_CONVERSION = YES;
				CLANG_WARN_NON_LITERAL_NULL_CONVERSION = YES;
				CLANG_WARN_OBJC_IMPLICIT_RETAIN_SELF = YES;
				CLANG_WARN_OBJC_LITERAL_CONVERSION = YES;
				CLANG_WARN_OBJC_ROOT_CLASS = YES_ERROR;
				CLANG_WARN_QUOTED_INCLUDE_IN_FRAMEWORK_HEADER = YES;
				CLANG_WARN_RANGE_LOOP_ANALYSIS = YES;
				CLANG_WARN_STRICT_PROTOTYPES = YES;
				CLANG_WARN_SUSPICIOUS_MOVE = YES;
				CLANG_WARN_UNGUARDED_AVAILABILITY = YES_AGGRESSIVE;
				CLANG_WARN_UNREACHABLE_CODE = YES;
				CLANG_WARN__DUPLICATE_METHOD_MATCH = YES;
				COPY_PHASE_STRIP = NO;
				DEBUG_INFORMATION_FORMAT = "dwarf-with-dsym";
				ENABLE_NS_ASSERTIONS = NO;
				ENABLE_STRICT_OBJC_MSGSEND = YES;
				GCC_C_LANGUAGE_STANDARD = gnu11;
				GCC_NO_COMMON_BLOCKS = YES;
				GCC_WARN_64_TO_32_BIT_CONVERSION = YES;
				GCC_WARN_ABOUT_RETURN_TYPE = YES_ERROR;
				GCC_WARN_UNDECLARED_SELECTOR = YES;
				GCC_WARN_UNINITIALIZED_AUTOS = YES_AGGRESSIVE;
				GCC_WARN_UNUSED_FUNCTION = YES;
				GCC_WARN_UNUSED_VARIABLE = YES;
				IPHONEOS_DEPLOYMENT_TARGET = 13.0;
				MTL_ENABLE_DEBUG_INFO = NO;
				MTL_FAST_MATH = YES;
				SDKROOT = iphoneos;
				SWIFT_COMPILATION_MODE = wholemodule;
				SWIFT_OPTIMIZATION_LEVEL = "-O";
				VALIDATE_PRODUCT = YES;
			};
			name = Release;
		};
		3231AD982A8FFBA90038218F /* Debug */ = {
			isa = XCBuildConfiguration;
			buildSettings = {
				ASSETCATALOG_COMPILER_APPICON_NAME = AppIcon;
				ASSETCATALOG_COMPILER_GLOBAL_ACCENT_COLOR_NAME = AccentColor;
				CODE_SIGN_STYLE = Automatic;
				CURRENT_PROJECT_VERSION = 1;
				GENERATE_INFOPLIST_FILE = YES;
				INFOPLIST_FILE = MoviesApp/Info.plist;
				INFOPLIST_KEY_UIApplicationSupportsIndirectInputEvents = YES;
				INFOPLIST_KEY_UILaunchStoryboardName = LaunchScreen;
				INFOPLIST_KEY_UIMainStoryboardFile = Main;
				INFOPLIST_KEY_UISupportedInterfaceOrientations = UIInterfaceOrientationPortrait;
				INFOPLIST_KEY_UISupportedInterfaceOrientations_iPad = "UIInterfaceOrientationLandscapeLeft UIInterfaceOrientationLandscapeRight UIInterfaceOrientationPortrait UIInterfaceOrientationPortraitUpsideDown";
				IPHONEOS_DEPLOYMENT_TARGET = 13.0;
				LD_RUNPATH_SEARCH_PATHS = (
					"$(inherited)",
					"@executable_path/Frameworks",
				);
				MARKETING_VERSION = 1.0;
				PRODUCT_BUNDLE_IDENTIFIER = com.amsow.io.MoviesApp;
				PRODUCT_NAME = "$(TARGET_NAME)";
				SWIFT_EMIT_LOC_STRINGS = YES;
				SWIFT_VERSION = 5.0;
				TARGETED_DEVICE_FAMILY = "1,2";
			};
			name = Debug;
		};
		3231AD992A8FFBA90038218F /* Release */ = {
			isa = XCBuildConfiguration;
			buildSettings = {
				ASSETCATALOG_COMPILER_APPICON_NAME = AppIcon;
				ASSETCATALOG_COMPILER_GLOBAL_ACCENT_COLOR_NAME = AccentColor;
				CODE_SIGN_STYLE = Automatic;
				CURRENT_PROJECT_VERSION = 1;
				GENERATE_INFOPLIST_FILE = YES;
				INFOPLIST_FILE = MoviesApp/Info.plist;
				INFOPLIST_KEY_UIApplicationSupportsIndirectInputEvents = YES;
				INFOPLIST_KEY_UILaunchStoryboardName = LaunchScreen;
				INFOPLIST_KEY_UIMainStoryboardFile = Main;
				INFOPLIST_KEY_UISupportedInterfaceOrientations = UIInterfaceOrientationPortrait;
				INFOPLIST_KEY_UISupportedInterfaceOrientations_iPad = "UIInterfaceOrientationLandscapeLeft UIInterfaceOrientationLandscapeRight UIInterfaceOrientationPortrait UIInterfaceOrientationPortraitUpsideDown";
				IPHONEOS_DEPLOYMENT_TARGET = 13.0;
				LD_RUNPATH_SEARCH_PATHS = (
					"$(inherited)",
					"@executable_path/Frameworks",
				);
				MARKETING_VERSION = 1.0;
				PRODUCT_BUNDLE_IDENTIFIER = com.amsow.io.MoviesApp;
				PRODUCT_NAME = "$(TARGET_NAME)";
				SWIFT_EMIT_LOC_STRINGS = YES;
				SWIFT_VERSION = 5.0;
				TARGETED_DEVICE_FAMILY = "1,2";
			};
			name = Release;
		};
		3231AD9B2A8FFBA90038218F /* Debug */ = {
			isa = XCBuildConfiguration;
			buildSettings = {
				ALWAYS_EMBED_SWIFT_STANDARD_LIBRARIES = YES;
				BUNDLE_LOADER = "$(TEST_HOST)";
				CLANG_ENABLE_MODULES = YES;
				CODE_SIGN_STYLE = Automatic;
				CURRENT_PROJECT_VERSION = 1;
				GENERATE_INFOPLIST_FILE = YES;
				IPHONEOS_DEPLOYMENT_TARGET = 13.0;
				MARKETING_VERSION = 1.0;
				PRODUCT_BUNDLE_IDENTIFIER = com.amsow.io.MoviesAppTests;
				PRODUCT_NAME = "$(TARGET_NAME)";
				SWIFT_EMIT_LOC_STRINGS = NO;
				SWIFT_OPTIMIZATION_LEVEL = "-Onone";
				SWIFT_VERSION = 5.0;
				TARGETED_DEVICE_FAMILY = "1,2";
				TEST_HOST = "$(BUILT_PRODUCTS_DIR)/MoviesApp.app/$(BUNDLE_EXECUTABLE_FOLDER_PATH)/MoviesApp";
			};
			name = Debug;
		};
		3231AD9C2A8FFBA90038218F /* Release */ = {
			isa = XCBuildConfiguration;
			buildSettings = {
				ALWAYS_EMBED_SWIFT_STANDARD_LIBRARIES = YES;
				BUNDLE_LOADER = "$(TEST_HOST)";
				CLANG_ENABLE_MODULES = YES;
				CODE_SIGN_STYLE = Automatic;
				CURRENT_PROJECT_VERSION = 1;
				GENERATE_INFOPLIST_FILE = YES;
				IPHONEOS_DEPLOYMENT_TARGET = 13.0;
				MARKETING_VERSION = 1.0;
				PRODUCT_BUNDLE_IDENTIFIER = com.amsow.io.MoviesAppTests;
				PRODUCT_NAME = "$(TARGET_NAME)";
				SWIFT_EMIT_LOC_STRINGS = NO;
				SWIFT_VERSION = 5.0;
				TARGETED_DEVICE_FAMILY = "1,2";
				TEST_HOST = "$(BUILT_PRODUCTS_DIR)/MoviesApp.app/$(BUNDLE_EXECUTABLE_FOLDER_PATH)/MoviesApp";
			};
			name = Release;
		};
/* End XCBuildConfiguration section */

/* Begin XCConfigurationList section */
		3231AD682A8FFBA70038218F /* Build configuration list for PBXProject "MoviesApp" */ = {
			isa = XCConfigurationList;
			buildConfigurations = (
				3231AD952A8FFBA90038218F /* Debug */,
				3231AD962A8FFBA90038218F /* Release */,
			);
			defaultConfigurationIsVisible = 0;
			defaultConfigurationName = Release;
		};
		3231AD972A8FFBA90038218F /* Build configuration list for PBXNativeTarget "MoviesApp" */ = {
			isa = XCConfigurationList;
			buildConfigurations = (
				3231AD982A8FFBA90038218F /* Debug */,
				3231AD992A8FFBA90038218F /* Release */,
			);
			defaultConfigurationIsVisible = 0;
			defaultConfigurationName = Release;
		};
		3231AD9A2A8FFBA90038218F /* Build configuration list for PBXNativeTarget "MoviesAppTests" */ = {
			isa = XCConfigurationList;
			buildConfigurations = (
				3231AD9B2A8FFBA90038218F /* Debug */,
				3231AD9C2A8FFBA90038218F /* Release */,
			);
			defaultConfigurationIsVisible = 0;
			defaultConfigurationName = Release;
		};
/* End XCConfigurationList section */

/* Begin XCSwiftPackageProductDependency section */
		3231ADA32A93CB670038218F /* MoviesCore */ = {
			isa = XCSwiftPackageProductDependency;
			productName = MoviesCore;
		};
/* End XCSwiftPackageProductDependency section */
	};
	rootObject = 3231AD652A8FFBA70038218F /* Project object */;
}
