// !$*UTF8*$!
{
	archiveVersion = 1;
	classes = {
	};
	objectVersion = 56;
	objects = {

/* Begin PBXBuildFile section */
		3231AD232A8FBF5D0038218F /* MovieCell.swift in Sources */ = {isa = PBXBuildFile; fileRef = 3231AD222A8FBF5D0038218F /* MovieCell.swift */; };
		3231AD252A8FC5F70038218F /* MovieViewModel.swift in Sources */ = {isa = PBXBuildFile; fileRef = 3231AD242A8FC5F70038218F /* MovieViewModel.swift */; };
		32F37AAD2A8D31FA004190DC /* AppDelegate.swift in Sources */ = {isa = PBXBuildFile; fileRef = 32F37AAC2A8D31FA004190DC /* AppDelegate.swift */; };
		32F37AAF2A8D31FA004190DC /* SceneDelegate.swift in Sources */ = {isa = PBXBuildFile; fileRef = 32F37AAE2A8D31FA004190DC /* SceneDelegate.swift */; };
		32F37AB42A8D31FA004190DC /* Main.storyboard in Resources */ = {isa = PBXBuildFile; fileRef = 32F37AB22A8D31FA004190DC /* Main.storyboard */; };
		32F37AB62A8D31FC004190DC /* Assets.xcassets in Resources */ = {isa = PBXBuildFile; fileRef = 32F37AB52A8D31FC004190DC /* Assets.xcassets */; };
		32F37AB92A8D31FC004190DC /* LaunchScreen.storyboard in Resources */ = {isa = PBXBuildFile; fileRef = 32F37AB72A8D31FC004190DC /* LaunchScreen.storyboard */; };
		32F37AC42A8D31FC004190DC /* MoviesUITests.swift in Sources */ = {isa = PBXBuildFile; fileRef = 32F37AC32A8D31FC004190DC /* MoviesUITests.swift */; };
		32F37ACE2A8D31FC004190DC /* MoviesUIUITests.swift in Sources */ = {isa = PBXBuildFile; fileRef = 32F37ACD2A8D31FC004190DC /* MoviesUIUITests.swift */; };
		32F37AD02A8D31FC004190DC /* MoviesUIUITestsLaunchTests.swift in Sources */ = {isa = PBXBuildFile; fileRef = 32F37ACF2A8D31FC004190DC /* MoviesUIUITestsLaunchTests.swift */; };
		32F37ADD2A8D67FD004190DC /* MoviesViewController.swift in Sources */ = {isa = PBXBuildFile; fileRef = 32F37ADC2A8D67FD004190DC /* MoviesViewController.swift */; };
/* End PBXBuildFile section */

/* Begin PBXContainerItemProxy section */
		32F37AC02A8D31FC004190DC /* PBXContainerItemProxy */ = {
			isa = PBXContainerItemProxy;
			containerPortal = 32F37AA12A8D31F9004190DC /* Project object */;
			proxyType = 1;
			remoteGlobalIDString = 32F37AA82A8D31FA004190DC;
			remoteInfo = MoviesUI;
		};
		32F37ACA2A8D31FC004190DC /* PBXContainerItemProxy */ = {
			isa = PBXContainerItemProxy;
			containerPortal = 32F37AA12A8D31F9004190DC /* Project object */;
			proxyType = 1;
			remoteGlobalIDString = 32F37AA82A8D31FA004190DC;
			remoteInfo = MoviesUI;
		};
/* End PBXContainerItemProxy section */

/* Begin PBXFileReference section */
		3231AD222A8FBF5D0038218F /* MovieCell.swift */ = {isa = PBXFileReference; lastKnownFileType = sourcecode.swift; path = MovieCell.swift; sourceTree = "<group>"; };
		3231AD242A8FC5F70038218F /* MovieViewModel.swift */ = {isa = PBXFileReference; lastKnownFileType = sourcecode.swift; path = MovieViewModel.swift; sourceTree = "<group>"; };
		32F37AA92A8D31FA004190DC /* MoviesUI.app */ = {isa = PBXFileReference; explicitFileType = wrapper.application; includeInIndex = 0; path = MoviesUI.app; sourceTree = BUILT_PRODUCTS_DIR; };
		32F37AAC2A8D31FA004190DC /* AppDelegate.swift */ = {isa = PBXFileReference; lastKnownFileType = sourcecode.swift; path = AppDelegate.swift; sourceTree = "<group>"; };
		32F37AAE2A8D31FA004190DC /* SceneDelegate.swift */ = {isa = PBXFileReference; lastKnownFileType = sourcecode.swift; path = SceneDelegate.swift; sourceTree = "<group>"; };
		32F37AB32A8D31FA004190DC /* Base */ = {isa = PBXFileReference; lastKnownFileType = file.storyboard; name = Base; path = Base.lproj/Main.storyboard; sourceTree = "<group>"; };
		32F37AB52A8D31FC004190DC /* Assets.xcassets */ = {isa = PBXFileReference; lastKnownFileType = folder.assetcatalog; path = Assets.xcassets; sourceTree = "<group>"; };
		32F37AB82A8D31FC004190DC /* Base */ = {isa = PBXFileReference; lastKnownFileType = file.storyboard; name = Base; path = Base.lproj/LaunchScreen.storyboard; sourceTree = "<group>"; };
		32F37ABA2A8D31FC004190DC /* Info.plist */ = {isa = PBXFileReference; lastKnownFileType = text.plist.xml; path = Info.plist; sourceTree = "<group>"; };
		32F37ABF2A8D31FC004190DC /* MoviesUITests.xctest */ = {isa = PBXFileReference; explicitFileType = wrapper.cfbundle; includeInIndex = 0; path = MoviesUITests.xctest; sourceTree = BUILT_PRODUCTS_DIR; };
		32F37AC32A8D31FC004190DC /* MoviesUITests.swift */ = {isa = PBXFileReference; lastKnownFileType = sourcecode.swift; path = MoviesUITests.swift; sourceTree = "<group>"; };
		32F37AC92A8D31FC004190DC /* MoviesUIUITests.xctest */ = {isa = PBXFileReference; explicitFileType = wrapper.cfbundle; includeInIndex = 0; path = MoviesUIUITests.xctest; sourceTree = BUILT_PRODUCTS_DIR; };
		32F37ACD2A8D31FC004190DC /* MoviesUIUITests.swift */ = {isa = PBXFileReference; lastKnownFileType = sourcecode.swift; path = MoviesUIUITests.swift; sourceTree = "<group>"; };
		32F37ACF2A8D31FC004190DC /* MoviesUIUITestsLaunchTests.swift */ = {isa = PBXFileReference; lastKnownFileType = sourcecode.swift; path = MoviesUIUITestsLaunchTests.swift; sourceTree = "<group>"; };
		32F37ADC2A8D67FD004190DC /* MoviesViewController.swift */ = {isa = PBXFileReference; lastKnownFileType = sourcecode.swift; path = MoviesViewController.swift; sourceTree = "<group>"; };
/* End PBXFileReference section */

/* Begin PBXFrameworksBuildPhase section */
		32F37AA62A8D31FA004190DC /* Frameworks */ = {
			isa = PBXFrameworksBuildPhase;
			buildActionMask = 2147483647;
			files = (
			);
			runOnlyForDeploymentPostprocessing = 0;
		};
		32F37ABC2A8D31FC004190DC /* Frameworks */ = {
			isa = PBXFrameworksBuildPhase;
			buildActionMask = 2147483647;
			files = (
			);
			runOnlyForDeploymentPostprocessing = 0;
		};
		32F37AC62A8D31FC004190DC /* Frameworks */ = {
			isa = PBXFrameworksBuildPhase;
			buildActionMask = 2147483647;
			files = (
			);
			runOnlyForDeploymentPostprocessing = 0;
		};
/* End PBXFrameworksBuildPhase section */

/* Begin PBXGroup section */
		32F37AA02A8D31F9004190DC = {
			isa = PBXGroup;
			children = (
				32F37AAB2A8D31FA004190DC /* MoviesUI */,
				32F37AC22A8D31FC004190DC /* MoviesUITests */,
				32F37ACC2A8D31FC004190DC /* MoviesUIUITests */,
				32F37AAA2A8D31FA004190DC /* Products */,
			);
			sourceTree = "<group>";
		};
		32F37AAA2A8D31FA004190DC /* Products */ = {
			isa = PBXGroup;
			children = (
				32F37AA92A8D31FA004190DC /* MoviesUI.app */,
				32F37ABF2A8D31FC004190DC /* MoviesUITests.xctest */,
				32F37AC92A8D31FC004190DC /* MoviesUIUITests.xctest */,
			);
			name = Products;
			sourceTree = "<group>";
		};
		32F37AAB2A8D31FA004190DC /* MoviesUI */ = {
			isa = PBXGroup;
			children = (
				32F37AAC2A8D31FA004190DC /* AppDelegate.swift */,
				32F37AAE2A8D31FA004190DC /* SceneDelegate.swift */,
				32F37AB22A8D31FA004190DC /* Main.storyboard */,
				32F37AB52A8D31FC004190DC /* Assets.xcassets */,
				32F37AB72A8D31FC004190DC /* LaunchScreen.storyboard */,
				32F37ABA2A8D31FC004190DC /* Info.plist */,
				32F37ADC2A8D67FD004190DC /* MoviesViewController.swift */,
				3231AD222A8FBF5D0038218F /* MovieCell.swift */,
				3231AD242A8FC5F70038218F /* MovieViewModel.swift */,
			);
			path = MoviesUI;
			sourceTree = "<group>";
		};
		32F37AC22A8D31FC004190DC /* MoviesUITests */ = {
			isa = PBXGroup;
			children = (
				32F37AC32A8D31FC004190DC /* MoviesUITests.swift */,
			);
			path = MoviesUITests;
			sourceTree = "<group>";
		};
		32F37ACC2A8D31FC004190DC /* MoviesUIUITests */ = {
			isa = PBXGroup;
			children = (
				32F37ACD2A8D31FC004190DC /* MoviesUIUITests.swift */,
				32F37ACF2A8D31FC004190DC /* MoviesUIUITestsLaunchTests.swift */,
			);
			path = MoviesUIUITests;
			sourceTree = "<group>";
		};
/* End PBXGroup section */

/* Begin PBXNativeTarget section */
		32F37AA82A8D31FA004190DC /* MoviesUI */ = {
			isa = PBXNativeTarget;
			buildConfigurationList = 32F37AD32A8D31FC004190DC /* Build configuration list for PBXNativeTarget "MoviesUI" */;
			buildPhases = (
				32F37AA52A8D31FA004190DC /* Sources */,
				32F37AA62A8D31FA004190DC /* Frameworks */,
				32F37AA72A8D31FA004190DC /* Resources */,
			);
			buildRules = (
			);
			dependencies = (
			);
			name = MoviesUI;
			productName = MoviesUI;
			productReference = 32F37AA92A8D31FA004190DC /* MoviesUI.app */;
			productType = "com.apple.product-type.application";
		};
		32F37ABE2A8D31FC004190DC /* MoviesUITests */ = {
			isa = PBXNativeTarget;
			buildConfigurationList = 32F37AD62A8D31FC004190DC /* Build configuration list for PBXNativeTarget "MoviesUITests" */;
			buildPhases = (
				32F37ABB2A8D31FC004190DC /* Sources */,
				32F37ABC2A8D31FC004190DC /* Frameworks */,
				32F37ABD2A8D31FC004190DC /* Resources */,
			);
			buildRules = (
			);
			dependencies = (
				32F37AC12A8D31FC004190DC /* PBXTargetDependency */,
			);
			name = MoviesUITests;
			productName = MoviesUITests;
			productReference = 32F37ABF2A8D31FC004190DC /* MoviesUITests.xctest */;
			productType = "com.apple.product-type.bundle.unit-test";
		};
		32F37AC82A8D31FC004190DC /* MoviesUIUITests */ = {
			isa = PBXNativeTarget;
			buildConfigurationList = 32F37AD92A8D31FC004190DC /* Build configuration list for PBXNativeTarget "MoviesUIUITests" */;
			buildPhases = (
				32F37AC52A8D31FC004190DC /* Sources */,
				32F37AC62A8D31FC004190DC /* Frameworks */,
				32F37AC72A8D31FC004190DC /* Resources */,
			);
			buildRules = (
			);
			dependencies = (
				32F37ACB2A8D31FC004190DC /* PBXTargetDependency */,
			);
			name = MoviesUIUITests;
			productName = MoviesUIUITests;
			productReference = 32F37AC92A8D31FC004190DC /* MoviesUIUITests.xctest */;
			productType = "com.apple.product-type.bundle.ui-testing";
		};
/* End PBXNativeTarget section */

/* Begin PBXProject section */
		32F37AA12A8D31F9004190DC /* Project object */ = {
			isa = PBXProject;
			attributes = {
				BuildIndependentTargetsInParallel = 1;
				LastSwiftUpdateCheck = 1430;
				LastUpgradeCheck = 1430;
				TargetAttributes = {
					32F37AA82A8D31FA004190DC = {
						CreatedOnToolsVersion = 14.3;
					};
					32F37ABE2A8D31FC004190DC = {
						CreatedOnToolsVersion = 14.3;
						TestTargetID = 32F37AA82A8D31FA004190DC;
					};
					32F37AC82A8D31FC004190DC = {
						CreatedOnToolsVersion = 14.3;
						TestTargetID = 32F37AA82A8D31FA004190DC;
					};
				};
			};
			buildConfigurationList = 32F37AA42A8D31F9004190DC /* Build configuration list for PBXProject "MoviesUI" */;
			compatibilityVersion = "Xcode 14.0";
			developmentRegion = en;
			hasScannedForEncodings = 0;
			knownRegions = (
				en,
				Base,
			);
			mainGroup = 32F37AA02A8D31F9004190DC;
			productRefGroup = 32F37AAA2A8D31FA004190DC /* Products */;
			projectDirPath = "";
			projectRoot = "";
			targets = (
				32F37AA82A8D31FA004190DC /* MoviesUI */,
				32F37ABE2A8D31FC004190DC /* MoviesUITests */,
				32F37AC82A8D31FC004190DC /* MoviesUIUITests */,
			);
		};
/* End PBXProject section */

/* Begin PBXResourcesBuildPhase section */
		32F37AA72A8D31FA004190DC /* Resources */ = {
			isa = PBXResourcesBuildPhase;
			buildActionMask = 2147483647;
			files = (
				32F37AB92A8D31FC004190DC /* LaunchScreen.storyboard in Resources */,
				32F37AB62A8D31FC004190DC /* Assets.xcassets in Resources */,
				32F37AB42A8D31FA004190DC /* Main.storyboard in Resources */,
			);
			runOnlyForDeploymentPostprocessing = 0;
		};
		32F37ABD2A8D31FC004190DC /* Resources */ = {
			isa = PBXResourcesBuildPhase;
			buildActionMask = 2147483647;
			files = (
			);
			runOnlyForDeploymentPostprocessing = 0;
		};
		32F37AC72A8D31FC004190DC /* Resources */ = {
			isa = PBXResourcesBuildPhase;
			buildActionMask = 2147483647;
			files = (
			);
			runOnlyForDeploymentPostprocessing = 0;
		};
/* End PBXResourcesBuildPhase section */

/* Begin PBXSourcesBuildPhase section */
		32F37AA52A8D31FA004190DC /* Sources */ = {
			isa = PBXSourcesBuildPhase;
			buildActionMask = 2147483647;
			files = (
				32F37AAD2A8D31FA004190DC /* AppDelegate.swift in Sources */,
				3231AD252A8FC5F70038218F /* MovieViewModel.swift in Sources */,
				32F37AAF2A8D31FA004190DC /* SceneDelegate.swift in Sources */,
				3231AD232A8FBF5D0038218F /* MovieCell.swift in Sources */,
				32F37ADD2A8D67FD004190DC /* MoviesViewController.swift in Sources */,
			);
			runOnlyForDeploymentPostprocessing = 0;
		};
		32F37ABB2A8D31FC004190DC /* Sources */ = {
			isa = PBXSourcesBuildPhase;
			buildActionMask = 2147483647;
			files = (
				32F37AC42A8D31FC004190DC /* MoviesUITests.swift in Sources */,
			);
			runOnlyForDeploymentPostprocessing = 0;
		};
		32F37AC52A8D31FC004190DC /* Sources */ = {
			isa = PBXSourcesBuildPhase;
			buildActionMask = 2147483647;
			files = (
				32F37AD02A8D31FC004190DC /* MoviesUIUITestsLaunchTests.swift in Sources */,
				32F37ACE2A8D31FC004190DC /* MoviesUIUITests.swift in Sources */,
			);
			runOnlyForDeploymentPostprocessing = 0;
		};
/* End PBXSourcesBuildPhase section */

/* Begin PBXTargetDependency section */
		32F37AC12A8D31FC004190DC /* PBXTargetDependency */ = {
			isa = PBXTargetDependency;
			target = 32F37AA82A8D31FA004190DC /* MoviesUI */;
			targetProxy = 32F37AC02A8D31FC004190DC /* PBXContainerItemProxy */;
		};
		32F37ACB2A8D31FC004190DC /* PBXTargetDependency */ = {
			isa = PBXTargetDependency;
			target = 32F37AA82A8D31FA004190DC /* MoviesUI */;
			targetProxy = 32F37ACA2A8D31FC004190DC /* PBXContainerItemProxy */;
		};
/* End PBXTargetDependency section */

/* Begin PBXVariantGroup section */
		32F37AB22A8D31FA004190DC /* Main.storyboard */ = {
			isa = PBXVariantGroup;
			children = (
				32F37AB32A8D31FA004190DC /* Base */,
			);
			name = Main.storyboard;
			sourceTree = "<group>";
		};
		32F37AB72A8D31FC004190DC /* LaunchScreen.storyboard */ = {
			isa = PBXVariantGroup;
			children = (
				32F37AB82A8D31FC004190DC /* Base */,
			);
			name = LaunchScreen.storyboard;
			sourceTree = "<group>";
		};
/* End PBXVariantGroup section */

/* Begin XCBuildConfiguration section */
		32F37AD12A8D31FC004190DC /* Debug */ = {
			isa = XCBuildConfiguration;
			buildSettings = {
				ALWAYS_SEARCH_USER_PATHS = NO;
				CLANG_ANALYZER_NONNULL = YES;
				CLANG_ANALYZER_NUMBER_OBJECT_CONVERSION = YES_AGGRESSIVE;
				CLANG_CXX_LANGUAGE_STANDARD = "gnu++20";
				CLANG_ENABLE_MODULES = YES;
				CLANG_ENABLE_OBJC_ARC = YES;
				CLANG_ENABLE_OBJC_WEAK = YES;
				CLANG_WARN_BLOCK_CAPTURE_AUTORELEASING = YES;
				CLANG_WARN_BOOL_CONVERSION = YES;
				CLANG_WARN_COMMA = YES;
				CLANG_WARN_CONSTANT_CONVERSION = YES;
				CLANG_WARN_DEPRECATED_OBJC_IMPLEMENTATIONS = YES;
				CLANG_WARN_DIRECT_OBJC_ISA_USAGE = YES_ERROR;
				CLANG_WARN_DOCUMENTATION_COMMENTS = YES;
				CLANG_WARN_EMPTY_BODY = YES;
				CLANG_WARN_ENUM_CONVERSION = YES;
				CLANG_WARN_INFINITE_RECURSION = YES;
				CLANG_WARN_INT_CONVERSION = YES;
				CLANG_WARN_NON_LITERAL_NULL_CONVERSION = YES;
				CLANG_WARN_OBJC_IMPLICIT_RETAIN_SELF = YES;
				CLANG_WARN_OBJC_LITERAL_CONVERSION = YES;
				CLANG_WARN_OBJC_ROOT_CLASS = YES_ERROR;
				CLANG_WARN_QUOTED_INCLUDE_IN_FRAMEWORK_HEADER = YES;
				CLANG_WARN_RANGE_LOOP_ANALYSIS = YES;
				CLANG_WARN_STRICT_PROTOTYPES = YES;
				CLANG_WARN_SUSPICIOUS_MOVE = YES;
				CLANG_WARN_UNGUARDED_AVAILABILITY = YES_AGGRESSIVE;
				CLANG_WARN_UNREACHABLE_CODE = YES;
				CLANG_WARN__DUPLICATE_METHOD_MATCH = YES;
				COPY_PHASE_STRIP = NO;
				DEBUG_INFORMATION_FORMAT = dwarf;
				ENABLE_STRICT_OBJC_MSGSEND = YES;
				ENABLE_TESTABILITY = YES;
				GCC_C_LANGUAGE_STANDARD = gnu11;
				GCC_DYNAMIC_NO_PIC = NO;
				GCC_NO_COMMON_BLOCKS = YES;
				GCC_OPTIMIZATION_LEVEL = 0;
				GCC_PREPROCESSOR_DEFINITIONS = (
					"DEBUG=1",
					"$(inherited)",
				);
				GCC_WARN_64_TO_32_BIT_CONVERSION = YES;
				GCC_WARN_ABOUT_RETURN_TYPE = YES_ERROR;
				GCC_WARN_UNDECLARED_SELECTOR = YES;
				GCC_WARN_UNINITIALIZED_AUTOS = YES_AGGRESSIVE;
				GCC_WARN_UNUSED_FUNCTION = YES;
				GCC_WARN_UNUSED_VARIABLE = YES;
				IPHONEOS_DEPLOYMENT_TARGET = 16.4;
				MTL_ENABLE_DEBUG_INFO = INCLUDE_SOURCE;
				MTL_FAST_MATH = YES;
				ONLY_ACTIVE_ARCH = YES;
				SDKROOT = iphoneos;
				SWIFT_ACTIVE_COMPILATION_CONDITIONS = DEBUG;
				SWIFT_OPTIMIZATION_LEVEL = "-Onone";
			};
			name = Debug;
		};
		32F37AD22A8D31FC004190DC /* Release */ = {
			isa = XCBuildConfiguration;
			buildSettings = {
				ALWAYS_SEARCH_USER_PATHS = NO;
				CLANG_ANALYZER_NONNULL = YES;
				CLANG_ANALYZER_NUMBER_OBJECT_CONVERSION = YES_AGGRESSIVE;
				CLANG_CXX_LANGUAGE_STANDARD = "gnu++20";
				CLANG_ENABLE_MODULES = YES;
				CLANG_ENABLE_OBJC_ARC = YES;
				CLANG_ENABLE_OBJC_WEAK = YES;
				CLANG_WARN_BLOCK_CAPTURE_AUTORELEASING = YES;
				CLANG_WARN_BOOL_CONVERSION = YES;
				CLANG_WARN_COMMA = YES;
				CLANG_WARN_CONSTANT_CONVERSION = YES;
				CLANG_WARN_DEPRECATED_OBJC_IMPLEMENTATIONS = YES;
				CLANG_WARN_DIRECT_OBJC_ISA_USAGE = YES_ERROR;
				CLANG_WARN_DOCUMENTATION_COMMENTS = YES;
				CLANG_WARN_EMPTY_BODY = YES;
				CLANG_WARN_ENUM_CONVERSION = YES;
				CLANG_WARN_INFINITE_RECURSION = YES;
				CLANG_WARN_INT_CONVERSION = YES;
				CLANG_WARN_NON_LITERAL_NULL_CONVERSION = YES;
				CLANG_WARN_OBJC_IMPLICIT_RETAIN_SELF = YES;
				CLANG_WARN_OBJC_LITERAL_CONVERSION = YES;
				CLANG_WARN_OBJC_ROOT_CLASS = YES_ERROR;
				CLANG_WARN_QUOTED_INCLUDE_IN_FRAMEWORK_HEADER = YES;
				CLANG_WARN_RANGE_LOOP_ANALYSIS = YES;
				CLANG_WARN_STRICT_PROTOTYPES = YES;
				CLANG_WARN_SUSPICIOUS_MOVE = YES;
				CLANG_WARN_UNGUARDED_AVAILABILITY = YES_AGGRESSIVE;
				CLANG_WARN_UNREACHABLE_CODE = YES;
				CLANG_WARN__DUPLICATE_METHOD_MATCH = YES;
				COPY_PHASE_STRIP = NO;
				DEBUG_INFORMATION_FORMAT = "dwarf-with-dsym";
				ENABLE_NS_ASSERTIONS = NO;
				ENABLE_STRICT_OBJC_MSGSEND = YES;
				GCC_C_LANGUAGE_STANDARD = gnu11;
				GCC_NO_COMMON_BLOCKS = YES;
				GCC_WARN_64_TO_32_BIT_CONVERSION = YES;
				GCC_WARN_ABOUT_RETURN_TYPE = YES_ERROR;
				GCC_WARN_UNDECLARED_SELECTOR = YES;
				GCC_WARN_UNINITIALIZED_AUTOS = YES_AGGRESSIVE;
				GCC_WARN_UNUSED_FUNCTION = YES;
				GCC_WARN_UNUSED_VARIABLE = YES;
				IPHONEOS_DEPLOYMENT_TARGET = 16.4;
				MTL_ENABLE_DEBUG_INFO = NO;
				MTL_FAST_MATH = YES;
				SDKROOT = iphoneos;
				SWIFT_COMPILATION_MODE = wholemodule;
				SWIFT_OPTIMIZATION_LEVEL = "-O";
				VALIDATE_PRODUCT = YES;
			};
			name = Release;
		};
		32F37AD42A8D31FC004190DC /* Debug */ = {
			isa = XCBuildConfiguration;
			buildSettings = {
				ASSETCATALOG_COMPILER_APPICON_NAME = AppIcon;
				ASSETCATALOG_COMPILER_GLOBAL_ACCENT_COLOR_NAME = AccentColor;
				CODE_SIGN_STYLE = Automatic;
				CURRENT_PROJECT_VERSION = 1;
				GENERATE_INFOPLIST_FILE = YES;
				INFOPLIST_FILE = MoviesUI/Info.plist;
				INFOPLIST_KEY_UIApplicationSupportsIndirectInputEvents = YES;
				INFOPLIST_KEY_UILaunchStoryboardName = LaunchScreen;
				INFOPLIST_KEY_UIMainStoryboardFile = Main;
				INFOPLIST_KEY_UISupportedInterfaceOrientations_iPad = "UIInterfaceOrientationPortrait UIInterfaceOrientationPortraitUpsideDown UIInterfaceOrientationLandscapeLeft UIInterfaceOrientationLandscapeRight";
				INFOPLIST_KEY_UISupportedInterfaceOrientations_iPhone = "UIInterfaceOrientationPortrait UIInterfaceOrientationLandscapeLeft UIInterfaceOrientationLandscapeRight";
				LD_RUNPATH_SEARCH_PATHS = (
					"$(inherited)",
					"@executable_path/Frameworks",
				);
				MARKETING_VERSION = 1.0;
				PRODUCT_BUNDLE_IDENTIFIER = com.amsow.io.MoviesUI;
				PRODUCT_NAME = "$(TARGET_NAME)";
				SWIFT_EMIT_LOC_STRINGS = YES;
				SWIFT_VERSION = 5.0;
				TARGETED_DEVICE_FAMILY = "1,2";
			};
			name = Debug;
		};
		32F37AD52A8D31FC004190DC /* Release */ = {
			isa = XCBuildConfiguration;
			buildSettings = {
				ASSETCATALOG_COMPILER_APPICON_NAME = AppIcon;
				ASSETCATALOG_COMPILER_GLOBAL_ACCENT_COLOR_NAME = AccentColor;
				CODE_SIGN_STYLE = Automatic;
				CURRENT_PROJECT_VERSION = 1;
				GENERATE_INFOPLIST_FILE = YES;
				INFOPLIST_FILE = MoviesUI/Info.plist;
				INFOPLIST_KEY_UIApplicationSupportsIndirectInputEvents = YES;
				INFOPLIST_KEY_UILaunchStoryboardName = LaunchScreen;
				INFOPLIST_KEY_UIMainStoryboardFile = Main;
				INFOPLIST_KEY_UISupportedInterfaceOrientations_iPad = "UIInterfaceOrientationPortrait UIInterfaceOrientationPortraitUpsideDown UIInterfaceOrientationLandscapeLeft UIInterfaceOrientationLandscapeRight";
				INFOPLIST_KEY_UISupportedInterfaceOrientations_iPhone = "UIInterfaceOrientationPortrait UIInterfaceOrientationLandscapeLeft UIInterfaceOrientationLandscapeRight";
				LD_RUNPATH_SEARCH_PATHS = (
					"$(inherited)",
					"@executable_path/Frameworks",
				);
				MARKETING_VERSION = 1.0;
				PRODUCT_BUNDLE_IDENTIFIER = com.amsow.io.MoviesUI;
				PRODUCT_NAME = "$(TARGET_NAME)";
				SWIFT_EMIT_LOC_STRINGS = YES;
				SWIFT_VERSION = 5.0;
				TARGETED_DEVICE_FAMILY = "1,2";
			};
			name = Release;
		};
		32F37AD72A8D31FC004190DC /* Debug */ = {
			isa = XCBuildConfiguration;
			buildSettings = {
				ALWAYS_EMBED_SWIFT_STANDARD_LIBRARIES = YES;
				BUNDLE_LOADER = "$(TEST_HOST)";
				CODE_SIGN_STYLE = Automatic;
				CURRENT_PROJECT_VERSION = 1;
				GENERATE_INFOPLIST_FILE = YES;
				IPHONEOS_DEPLOYMENT_TARGET = 16.4;
				MARKETING_VERSION = 1.0;
				PRODUCT_BUNDLE_IDENTIFIER = com.amsow.io.MoviesUITests;
				PRODUCT_NAME = "$(TARGET_NAME)";
				SWIFT_EMIT_LOC_STRINGS = NO;
				SWIFT_VERSION = 5.0;
				TARGETED_DEVICE_FAMILY = "1,2";
				TEST_HOST = "$(BUILT_PRODUCTS_DIR)/MoviesUI.app/$(BUNDLE_EXECUTABLE_FOLDER_PATH)/MoviesUI";
			};
			name = Debug;
		};
		32F37AD82A8D31FC004190DC /* Release */ = {
			isa = XCBuildConfiguration;
			buildSettings = {
				ALWAYS_EMBED_SWIFT_STANDARD_LIBRARIES = YES;
				BUNDLE_LOADER = "$(TEST_HOST)";
				CODE_SIGN_STYLE = Automatic;
				CURRENT_PROJECT_VERSION = 1;
				GENERATE_INFOPLIST_FILE = YES;
				IPHONEOS_DEPLOYMENT_TARGET = 16.4;
				MARKETING_VERSION = 1.0;
				PRODUCT_BUNDLE_IDENTIFIER = com.amsow.io.MoviesUITests;
				PRODUCT_NAME = "$(TARGET_NAME)";
				SWIFT_EMIT_LOC_STRINGS = NO;
				SWIFT_VERSION = 5.0;
				TARGETED_DEVICE_FAMILY = "1,2";
				TEST_HOST = "$(BUILT_PRODUCTS_DIR)/MoviesUI.app/$(BUNDLE_EXECUTABLE_FOLDER_PATH)/MoviesUI";
			};
			name = Release;
		};
		32F37ADA2A8D31FC004190DC /* Debug */ = {
			isa = XCBuildConfiguration;
			buildSettings = {
				ALWAYS_EMBED_SWIFT_STANDARD_LIBRARIES = YES;
				CODE_SIGN_STYLE = Automatic;
				CURRENT_PROJECT_VERSION = 1;
				GENERATE_INFOPLIST_FILE = YES;
				MARKETING_VERSION = 1.0;
				PRODUCT_BUNDLE_IDENTIFIER = com.amsow.io.MoviesUIUITests;
				PRODUCT_NAME = "$(TARGET_NAME)";
				SWIFT_EMIT_LOC_STRINGS = NO;
				SWIFT_VERSION = 5.0;
				TARGETED_DEVICE_FAMILY = "1,2";
				TEST_TARGET_NAME = MoviesUI;
			};
			name = Debug;
		};
		32F37ADB2A8D31FC004190DC /* Release */ = {
			isa = XCBuildConfiguration;
			buildSettings = {
				ALWAYS_EMBED_SWIFT_STANDARD_LIBRARIES = YES;
				CODE_SIGN_STYLE = Automatic;
				CURRENT_PROJECT_VERSION = 1;
				GENERATE_INFOPLIST_FILE = YES;
				MARKETING_VERSION = 1.0;
				PRODUCT_BUNDLE_IDENTIFIER = com.amsow.io.MoviesUIUITests;
				PRODUCT_NAME = "$(TARGET_NAME)";
				SWIFT_EMIT_LOC_STRINGS = NO;
				SWIFT_VERSION = 5.0;
				TARGETED_DEVICE_FAMILY = "1,2";
				TEST_TARGET_NAME = MoviesUI;
			};
			name = Release;
		};
/* End XCBuildConfiguration section */

/* Begin XCConfigurationList section */
		32F37AA42A8D31F9004190DC /* Build configuration list for PBXProject "MoviesUI" */ = {
			isa = XCConfigurationList;
			buildConfigurations = (
				32F37AD12A8D31FC004190DC /* Debug */,
				32F37AD22A8D31FC004190DC /* Release */,
			);
			defaultConfigurationIsVisible = 0;
			defaultConfigurationName = Release;
		};
		32F37AD32A8D31FC004190DC /* Build configuration list for PBXNativeTarget "MoviesUI" */ = {
			isa = XCConfigurationList;
			buildConfigurations = (
				32F37AD42A8D31FC004190DC /* Debug */,
				32F37AD52A8D31FC004190DC /* Release */,
			);
			defaultConfigurationIsVisible = 0;
			defaultConfigurationName = Release;
		};
		32F37AD62A8D31FC004190DC /* Build configuration list for PBXNativeTarget "MoviesUITests" */ = {
			isa = XCConfigurationList;
			buildConfigurations = (
				32F37AD72A8D31FC004190DC /* Debug */,
				32F37AD82A8D31FC004190DC /* Release */,
			);
			defaultConfigurationIsVisible = 0;
			defaultConfigurationName = Release;
		};
		32F37AD92A8D31FC004190DC /* Build configuration list for PBXNativeTarget "MoviesUIUITests" */ = {
			isa = XCConfigurationList;
			buildConfigurations = (
				32F37ADA2A8D31FC004190DC /* Debug */,
				32F37ADB2A8D31FC004190DC /* Release */,
			);
			defaultConfigurationIsVisible = 0;
			defaultConfigurationName = Release;
		};
/* End XCConfigurationList section */
	};
	rootObject = 32F37AA12A8D31F9004190DC /* Project object */;
}
